
Microsoft Visual Studio Solution File, Format Version 12.00
# Visual Studio 15
VisualStudioVersion = 15.0.27703.2026
MinimumVisualStudioVersion = 10.0.40219.1
Project("{FAE04EC0-301F-11D3-BF4B-00C04F79EFBC}") = "ProjetoRamonLP2", "ProjetoRamonLP2\ProjetoRamonLP2.csproj", "{2A9BB9F7-6E3F-4C5A-B63B-4770D8081644}"
EndProject
Global
	GlobalSection(SolutionConfigurationPlatforms) = preSolution
		Debug|Any CPU = Debug|Any CPU
		Release|Any CPU = Release|Any CPU
	EndGlobalSection
	GlobalSection(ProjectConfigurationPlatforms) = postSolution
		{2A9BB9F7-6E3F-4C5A-B63B-4770D8081644}.Debug|Any CPU.ActiveCfg = Debug|Any CPU
		{2A9BB9F7-6E3F-4C5A-B63B-4770D8081644}.Debug|Any CPU.Build.0 = Debug|Any CPU
		{2A9BB9F7-6E3F-4C5A-B63B-4770D8081644}.Release|Any CPU.ActiveCfg = Release|Any CPU
		{2A9BB9F7-6E3F-4C5A-B63B-4770D8081644}.Release|Any CPU.Build.0 = Release|Any CPU
	EndGlobalSection
	GlobalSection(SolutionProperties) = preSolution
		HideSolutionNode = FALSE
	EndGlobalSection
	GlobalSection(ExtensibilityGlobals) = postSolution
		SolutionGuid = {5F2274F2-1ED7-4E08-845D-8CDF1ABA58E6}
	EndGlobalSection
EndGlobal
